// !$*UTF8*$!
{
	archiveVersion = 1;
	classes = {
	};
	objectVersion = 56;
	objects = {

/* Begin PBXBuildFile section */
		04EF4C972AE6CBE500400BA0 /* String+Extension.swift in Sources */ = {isa = PBXBuildFile; fileRef = 04EF4C962AE6CBE500400BA0 /* String+Extension.swift */; };
		DCACAA052AE2C7700034DC38 /* Tfl_ChallengeApp.swift in Sources */ = {isa = PBXBuildFile; fileRef = DCACAA042AE2C7700034DC38 /* Tfl_ChallengeApp.swift */; };
		DCACAA072AE2C7700034DC38 /* TubeListView.swift in Sources */ = {isa = PBXBuildFile; fileRef = DCACAA062AE2C7700034DC38 /* TubeListView.swift */; };
		DCACAA092AE2C7720034DC38 /* Assets.xcassets in Resources */ = {isa = PBXBuildFile; fileRef = DCACAA082AE2C7720034DC38 /* Assets.xcassets */; };
		DCACAA0C2AE2C7720034DC38 /* Preview Assets.xcassets in Resources */ = {isa = PBXBuildFile; fileRef = DCACAA0B2AE2C7720034DC38 /* Preview Assets.xcassets */; };
		DCACAA162AE2C7720034DC38 /* Tfl_ChallengeTests.swift in Sources */ = {isa = PBXBuildFile; fileRef = DCACAA152AE2C7720034DC38 /* Tfl_ChallengeTests.swift */; };
		DCACAA202AE2C7730034DC38 /* Tfl_ChallengeUITests.swift in Sources */ = {isa = PBXBuildFile; fileRef = DCACAA1F2AE2C7730034DC38 /* Tfl_ChallengeUITests.swift */; };
		DCACAA222AE2C7730034DC38 /* Tfl_ChallengeUITestsLaunchTests.swift in Sources */ = {isa = PBXBuildFile; fileRef = DCACAA212AE2C7730034DC38 /* Tfl_ChallengeUITestsLaunchTests.swift */; };
		DCACAA332AE2C8180034DC38 /* TubeModel.swift in Sources */ = {isa = PBXBuildFile; fileRef = DCACAA322AE2C8180034DC38 /* TubeModel.swift */; };
		DCACAA362AE2C8E30034DC38 /* Networkable.swift in Sources */ = {isa = PBXBuildFile; fileRef = DCACAA352AE2C8E30034DC38 /* Networkable.swift */; };
		DCACAA382AE2C8F10034DC38 /* NetworkManager.swift in Sources */ = {isa = PBXBuildFile; fileRef = DCACAA372AE2C8F10034DC38 /* NetworkManager.swift */; };
		DCACAA3A2AE2CDEE0034DC38 /* TubeListViewModel.swift in Sources */ = {isa = PBXBuildFile; fileRef = DCACAA392AE2CDEE0034DC38 /* TubeListViewModel.swift */; };
		DCACAA3D2AE2D4270034DC38 /* TubeListCell.swift in Sources */ = {isa = PBXBuildFile; fileRef = DCACAA3C2AE2D4270034DC38 /* TubeListCell.swift */; };
		DCACAA3F2AE4451C0034DC38 /* Constants.swift in Sources */ = {isa = PBXBuildFile; fileRef = DCACAA3E2AE4451C0034DC38 /* Constants.swift */; };
		DCACAA422AE448A20034DC38 /* Color+Extension.swift in Sources */ = {isa = PBXBuildFile; fileRef = DCACAA412AE448A20034DC38 /* Color+Extension.swift */; };
		DCACAA462AE6B7620034DC38 /* FakeNetworkManager.swift in Sources */ = {isa = PBXBuildFile; fileRef = DCACAA452AE6B7620034DC38 /* FakeNetworkManager.swift */; };
		DCACAA482AE6B7D90034DC38 /* NetworkingError.swift in Sources */ = {isa = PBXBuildFile; fileRef = DCACAA472AE6B7D80034DC38 /* NetworkingError.swift */; };
		DCACAA4A2AE6B8410034DC38 /* testTube.json in Resources */ = {isa = PBXBuildFile; fileRef = DCACAA492AE6B8410034DC38 /* testTube.json */; };
		DCACAA4E2AE6BBC50034DC38 /* tubeEmpty.json in Resources */ = {isa = PBXBuildFile; fileRef = DCACAA4D2AE6BBC50034DC38 /* tubeEmpty.json */; };
/* End PBXBuildFile section */

/* Begin PBXContainerItemProxy section */
		DCACAA122AE2C7720034DC38 /* PBXContainerItemProxy */ = {
			isa = PBXContainerItemProxy;
			containerPortal = DCACA9F92AE2C7700034DC38 /* Project object */;
			proxyType = 1;
			remoteGlobalIDString = DCACAA002AE2C7700034DC38;
			remoteInfo = Tfl_Challenge;
		};
		DCACAA1C2AE2C7730034DC38 /* PBXContainerItemProxy */ = {
			isa = PBXContainerItemProxy;
			containerPortal = DCACA9F92AE2C7700034DC38 /* Project object */;
			proxyType = 1;
			remoteGlobalIDString = DCACAA002AE2C7700034DC38;
			remoteInfo = Tfl_Challenge;
		};
/* End PBXContainerItemProxy section */

/* Begin PBXFileReference section */
		04EF4C962AE6CBE500400BA0 /* String+Extension.swift */ = {isa = PBXFileReference; lastKnownFileType = sourcecode.swift; path = "String+Extension.swift"; sourceTree = "<group>"; };
		DCACAA012AE2C7700034DC38 /* Tfl_Challenge.app */ = {isa = PBXFileReference; explicitFileType = wrapper.application; includeInIndex = 0; path = Tfl_Challenge.app; sourceTree = BUILT_PRODUCTS_DIR; };
		DCACAA042AE2C7700034DC38 /* Tfl_ChallengeApp.swift */ = {isa = PBXFileReference; lastKnownFileType = sourcecode.swift; path = Tfl_ChallengeApp.swift; sourceTree = "<group>"; };
		DCACAA062AE2C7700034DC38 /* TubeListView.swift */ = {isa = PBXFileReference; lastKnownFileType = sourcecode.swift; path = TubeListView.swift; sourceTree = "<group>"; };
		DCACAA082AE2C7720034DC38 /* Assets.xcassets */ = {isa = PBXFileReference; lastKnownFileType = folder.assetcatalog; path = Assets.xcassets; sourceTree = "<group>"; };
		DCACAA0B2AE2C7720034DC38 /* Preview Assets.xcassets */ = {isa = PBXFileReference; lastKnownFileType = folder.assetcatalog; path = "Preview Assets.xcassets"; sourceTree = "<group>"; };
		DCACAA112AE2C7720034DC38 /* Tfl_ChallengeTests.xctest */ = {isa = PBXFileReference; explicitFileType = wrapper.cfbundle; includeInIndex = 0; path = Tfl_ChallengeTests.xctest; sourceTree = BUILT_PRODUCTS_DIR; };
		DCACAA152AE2C7720034DC38 /* Tfl_ChallengeTests.swift */ = {isa = PBXFileReference; lastKnownFileType = sourcecode.swift; path = Tfl_ChallengeTests.swift; sourceTree = "<group>"; };
		DCACAA1B2AE2C7730034DC38 /* Tfl_ChallengeUITests.xctest */ = {isa = PBXFileReference; explicitFileType = wrapper.cfbundle; includeInIndex = 0; path = Tfl_ChallengeUITests.xctest; sourceTree = BUILT_PRODUCTS_DIR; };
		DCACAA1F2AE2C7730034DC38 /* Tfl_ChallengeUITests.swift */ = {isa = PBXFileReference; lastKnownFileType = sourcecode.swift; path = Tfl_ChallengeUITests.swift; sourceTree = "<group>"; };
		DCACAA212AE2C7730034DC38 /* Tfl_ChallengeUITestsLaunchTests.swift */ = {isa = PBXFileReference; lastKnownFileType = sourcecode.swift; path = Tfl_ChallengeUITestsLaunchTests.swift; sourceTree = "<group>"; };
		DCACAA322AE2C8180034DC38 /* TubeModel.swift */ = {isa = PBXFileReference; lastKnownFileType = sourcecode.swift; path = TubeModel.swift; sourceTree = "<group>"; };
		DCACAA352AE2C8E30034DC38 /* Networkable.swift */ = {isa = PBXFileReference; lastKnownFileType = sourcecode.swift; path = Networkable.swift; sourceTree = "<group>"; };
		DCACAA372AE2C8F10034DC38 /* NetworkManager.swift */ = {isa = PBXFileReference; lastKnownFileType = sourcecode.swift; path = NetworkManager.swift; sourceTree = "<group>"; };
		DCACAA392AE2CDEE0034DC38 /* TubeListViewModel.swift */ = {isa = PBXFileReference; lastKnownFileType = sourcecode.swift; path = TubeListViewModel.swift; sourceTree = "<group>"; };
		DCACAA3C2AE2D4270034DC38 /* TubeListCell.swift */ = {isa = PBXFileReference; lastKnownFileType = sourcecode.swift; path = TubeListCell.swift; sourceTree = "<group>"; };
		DCACAA3E2AE4451C0034DC38 /* Constants.swift */ = {isa = PBXFileReference; lastKnownFileType = sourcecode.swift; path = Constants.swift; sourceTree = "<group>"; };
		DCACAA412AE448A20034DC38 /* Color+Extension.swift */ = {isa = PBXFileReference; lastKnownFileType = sourcecode.swift; path = "Color+Extension.swift"; sourceTree = "<group>"; };
		DCACAA452AE6B7620034DC38 /* FakeNetworkManager.swift */ = {isa = PBXFileReference; lastKnownFileType = sourcecode.swift; path = FakeNetworkManager.swift; sourceTree = "<group>"; };
		DCACAA472AE6B7D80034DC38 /* NetworkingError.swift */ = {isa = PBXFileReference; lastKnownFileType = sourcecode.swift; path = NetworkingError.swift; sourceTree = "<group>"; };
		DCACAA492AE6B8410034DC38 /* testTube.json */ = {isa = PBXFileReference; lastKnownFileType = text.json; path = testTube.json; sourceTree = "<group>"; };
		DCACAA4D2AE6BBC50034DC38 /* tubeEmpty.json */ = {isa = PBXFileReference; lastKnownFileType = text.json; path = tubeEmpty.json; sourceTree = "<group>"; };
/* End PBXFileReference section */

/* Begin PBXFrameworksBuildPhase section */
		DCACA9FE2AE2C7700034DC38 /* Frameworks */ = {
			isa = PBXFrameworksBuildPhase;
			buildActionMask = 2147483647;
			files = (
			);
			runOnlyForDeploymentPostprocessing = 0;
		};
		DCACAA0E2AE2C7720034DC38 /* Frameworks */ = {
			isa = PBXFrameworksBuildPhase;
			buildActionMask = 2147483647;
			files = (
			);
			runOnlyForDeploymentPostprocessing = 0;
		};
		DCACAA182AE2C7730034DC38 /* Frameworks */ = {
			isa = PBXFrameworksBuildPhase;
			buildActionMask = 2147483647;
			files = (
			);
			runOnlyForDeploymentPostprocessing = 0;
		};
/* End PBXFrameworksBuildPhase section */

/* Begin PBXGroup section */
		04EF4C952AE6C76300400BA0 /* Utilities */ = {
			isa = PBXGroup;
			children = (
				DCACAA3E2AE4451C0034DC38 /* Constants.swift */,
				DCACAA402AE4488F0034DC38 /* Extensions */,
			);
			path = Utilities;
			sourceTree = "<group>";
		};
		DCACA9F82AE2C7700034DC38 = {
			isa = PBXGroup;
			children = (
				DCACAA032AE2C7700034DC38 /* Tfl_Challenge */,
				DCACAA142AE2C7720034DC38 /* Tfl_ChallengeTests */,
				DCACAA1E2AE2C7730034DC38 /* Tfl_ChallengeUITests */,
				DCACAA022AE2C7700034DC38 /* Products */,
			);
			sourceTree = "<group>";
		};
		DCACAA022AE2C7700034DC38 /* Products */ = {
			isa = PBXGroup;
			children = (
				DCACAA012AE2C7700034DC38 /* Tfl_Challenge.app */,
				DCACAA112AE2C7720034DC38 /* Tfl_ChallengeTests.xctest */,
				DCACAA1B2AE2C7730034DC38 /* Tfl_ChallengeUITests.xctest */,
			);
			name = Products;
			sourceTree = "<group>";
		};
		DCACAA032AE2C7700034DC38 /* Tfl_Challenge */ = {
			isa = PBXGroup;
			children = (
				04EF4C952AE6C76300400BA0 /* Utilities */,
				DCACAA2E2AE2C7910034DC38 /* Model */,
				DCACAA302AE2C79B0034DC38 /* ViewModel */,
				DCACAA2F2AE2C7960034DC38 /* View */,
				DCACAA312AE2C7A10034DC38 /* Services */,
				DCACAA042AE2C7700034DC38 /* Tfl_ChallengeApp.swift */,
				DCACAA082AE2C7720034DC38 /* Assets.xcassets */,
				DCACAA0A2AE2C7720034DC38 /* Preview Content */,
			);
			path = Tfl_Challenge;
			sourceTree = "<group>";
		};
		DCACAA0A2AE2C7720034DC38 /* Preview Content */ = {
			isa = PBXGroup;
			children = (
				DCACAA0B2AE2C7720034DC38 /* Preview Assets.xcassets */,
			);
			path = "Preview Content";
			sourceTree = "<group>";
		};
		DCACAA142AE2C7720034DC38 /* Tfl_ChallengeTests */ = {
			isa = PBXGroup;
			children = (
				DCACAA442AE6B7490034DC38 /* TubeListViewModelTests */,
				DCACAA432AE6B7410034DC38 /* TestJson */,
				DCACAA452AE6B7620034DC38 /* FakeNetworkManager.swift */,
			);
			path = Tfl_ChallengeTests;
			sourceTree = "<group>";
		};
		DCACAA1E2AE2C7730034DC38 /* Tfl_ChallengeUITests */ = {
			isa = PBXGroup;
			children = (
				DCACAA1F2AE2C7730034DC38 /* Tfl_ChallengeUITests.swift */,
				DCACAA212AE2C7730034DC38 /* Tfl_ChallengeUITestsLaunchTests.swift */,
			);
			path = Tfl_ChallengeUITests;
			sourceTree = "<group>";
		};
		DCACAA2E2AE2C7910034DC38 /* Model */ = {
			isa = PBXGroup;
			children = (
				DCACAA322AE2C8180034DC38 /* TubeModel.swift */,
			);
			path = Model;
			sourceTree = "<group>";
		};
		DCACAA2F2AE2C7960034DC38 /* View */ = {
			isa = PBXGroup;
			children = (
				DCACAA3C2AE2D4270034DC38 /* TubeListCell.swift */,
				DCACAA062AE2C7700034DC38 /* TubeListView.swift */,
			);
			path = View;
			sourceTree = "<group>";
		};
		DCACAA302AE2C79B0034DC38 /* ViewModel */ = {
			isa = PBXGroup;
			children = (
				DCACAA392AE2CDEE0034DC38 /* TubeListViewModel.swift */,
			);
			path = ViewModel;
			sourceTree = "<group>";
		};
		DCACAA312AE2C7A10034DC38 /* Services */ = {
			isa = PBXGroup;
			children = (
				DCACAA352AE2C8E30034DC38 /* Networkable.swift */,
				DCACAA372AE2C8F10034DC38 /* NetworkManager.swift */,
				DCACAA472AE6B7D80034DC38 /* NetworkingError.swift */,
			);
			path = Services;
			sourceTree = "<group>";
		};
		DCACAA402AE4488F0034DC38 /* Extensions */ = {
			isa = PBXGroup;
			children = (
				DCACAA412AE448A20034DC38 /* Color+Extension.swift */,
				04EF4C962AE6CBE500400BA0 /* String+Extension.swift */,
			);
			path = Extensions;
			sourceTree = "<group>";
		};
		DCACAA432AE6B7410034DC38 /* TestJson */ = {
			isa = PBXGroup;
			children = (
				DCACAA492AE6B8410034DC38 /* testTube.json */,
				DCACAA4D2AE6BBC50034DC38 /* tubeEmpty.json */,
			);
			path = TestJson;
			sourceTree = "<group>";
		};
		DCACAA442AE6B7490034DC38 /* TubeListViewModelTests */ = {
			isa = PBXGroup;
			children = (
				DCACAA152AE2C7720034DC38 /* Tfl_ChallengeTests.swift */,
			);
			path = TubeListViewModelTests;
			sourceTree = "<group>";
		};
/* End PBXGroup section */

/* Begin PBXNativeTarget section */
		DCACAA002AE2C7700034DC38 /* Tfl_Challenge */ = {
			isa = PBXNativeTarget;
			buildConfigurationList = DCACAA252AE2C7730034DC38 /* Build configuration list for PBXNativeTarget "Tfl_Challenge" */;
			buildPhases = (
				DCACA9FD2AE2C7700034DC38 /* Sources */,
				DCACA9FE2AE2C7700034DC38 /* Frameworks */,
				DCACA9FF2AE2C7700034DC38 /* Resources */,
			);
			buildRules = (
			);
			dependencies = (
			);
			name = Tfl_Challenge;
			productName = Tfl_Challenge;
			productReference = DCACAA012AE2C7700034DC38 /* Tfl_Challenge.app */;
			productType = "com.apple.product-type.application";
		};
		DCACAA102AE2C7720034DC38 /* Tfl_ChallengeTests */ = {
			isa = PBXNativeTarget;
			buildConfigurationList = DCACAA282AE2C7730034DC38 /* Build configuration list for PBXNativeTarget "Tfl_ChallengeTests" */;
			buildPhases = (
				DCACAA0D2AE2C7720034DC38 /* Sources */,
				DCACAA0E2AE2C7720034DC38 /* Frameworks */,
				DCACAA0F2AE2C7720034DC38 /* Resources */,
			);
			buildRules = (
			);
			dependencies = (
				DCACAA132AE2C7720034DC38 /* PBXTargetDependency */,
			);
			name = Tfl_ChallengeTests;
			productName = Tfl_ChallengeTests;
			productReference = DCACAA112AE2C7720034DC38 /* Tfl_ChallengeTests.xctest */;
			productType = "com.apple.product-type.bundle.unit-test";
		};
		DCACAA1A2AE2C7730034DC38 /* Tfl_ChallengeUITests */ = {
			isa = PBXNativeTarget;
			buildConfigurationList = DCACAA2B2AE2C7730034DC38 /* Build configuration list for PBXNativeTarget "Tfl_ChallengeUITests" */;
			buildPhases = (
				DCACAA172AE2C7730034DC38 /* Sources */,
				DCACAA182AE2C7730034DC38 /* Frameworks */,
				DCACAA192AE2C7730034DC38 /* Resources */,
			);
			buildRules = (
			);
			dependencies = (
				DCACAA1D2AE2C7730034DC38 /* PBXTargetDependency */,
			);
			name = Tfl_ChallengeUITests;
			productName = Tfl_ChallengeUITests;
			productReference = DCACAA1B2AE2C7730034DC38 /* Tfl_ChallengeUITests.xctest */;
			productType = "com.apple.product-type.bundle.ui-testing";
		};
/* End PBXNativeTarget section */

/* Begin PBXProject section */
		DCACA9F92AE2C7700034DC38 /* Project object */ = {
			isa = PBXProject;
			attributes = {
				BuildIndependentTargetsInParallel = 1;
				LastSwiftUpdateCheck = 1500;
				LastUpgradeCheck = 1500;
				TargetAttributes = {
					DCACAA002AE2C7700034DC38 = {
						CreatedOnToolsVersion = 15.0.1;
					};
					DCACAA102AE2C7720034DC38 = {
						CreatedOnToolsVersion = 15.0.1;
						TestTargetID = DCACAA002AE2C7700034DC38;
					};
					DCACAA1A2AE2C7730034DC38 = {
						CreatedOnToolsVersion = 15.0.1;
						TestTargetID = DCACAA002AE2C7700034DC38;
					};
				};
			};
			buildConfigurationList = DCACA9FC2AE2C7700034DC38 /* Build configuration list for PBXProject "Tfl_Challenge" */;
			compatibilityVersion = "Xcode 14.0";
			developmentRegion = en;
			hasScannedForEncodings = 0;
			knownRegions = (
				en,
				Base,
			);
			mainGroup = DCACA9F82AE2C7700034DC38;
			productRefGroup = DCACAA022AE2C7700034DC38 /* Products */;
			projectDirPath = "";
			projectRoot = "";
			targets = (
				DCACAA002AE2C7700034DC38 /* Tfl_Challenge */,
				DCACAA102AE2C7720034DC38 /* Tfl_ChallengeTests */,
				DCACAA1A2AE2C7730034DC38 /* Tfl_ChallengeUITests */,
			);
		};
/* End PBXProject section */

/* Begin PBXResourcesBuildPhase section */
		DCACA9FF2AE2C7700034DC38 /* Resources */ = {
			isa = PBXResourcesBuildPhase;
			buildActionMask = 2147483647;
			files = (
				DCACAA0C2AE2C7720034DC38 /* Preview Assets.xcassets in Resources */,
				DCACAA092AE2C7720034DC38 /* Assets.xcassets in Resources */,
			);
			runOnlyForDeploymentPostprocessing = 0;
		};
		DCACAA0F2AE2C7720034DC38 /* Resources */ = {
			isa = PBXResourcesBuildPhase;
			buildActionMask = 2147483647;
			files = (
				DCACAA4A2AE6B8410034DC38 /* testTube.json in Resources */,
				DCACAA4E2AE6BBC50034DC38 /* tubeEmpty.json in Resources */,
			);
			runOnlyForDeploymentPostprocessing = 0;
		};
		DCACAA192AE2C7730034DC38 /* Resources */ = {
			isa = PBXResourcesBuildPhase;
			buildActionMask = 2147483647;
			files = (
			);
			runOnlyForDeploymentPostprocessing = 0;
		};
/* End PBXResourcesBuildPhase section */

/* Begin PBXSourcesBuildPhase section */
		DCACA9FD2AE2C7700034DC38 /* Sources */ = {
			isa = PBXSourcesBuildPhase;
			buildActionMask = 2147483647;
			files = (
				DCACAA072AE2C7700034DC38 /* TubeListView.swift in Sources */,
				04EF4C972AE6CBE500400BA0 /* String+Extension.swift in Sources */,
				DCACAA3D2AE2D4270034DC38 /* TubeListCell.swift in Sources */,
				DCACAA362AE2C8E30034DC38 /* Networkable.swift in Sources */,
				DCACAA422AE448A20034DC38 /* Color+Extension.swift in Sources */,
				DCACAA482AE6B7D90034DC38 /* NetworkingError.swift in Sources */,
				DCACAA382AE2C8F10034DC38 /* NetworkManager.swift in Sources */,
				DCACAA332AE2C8180034DC38 /* TubeModel.swift in Sources */,
				DCACAA3A2AE2CDEE0034DC38 /* TubeListViewModel.swift in Sources */,
				DCACAA052AE2C7700034DC38 /* Tfl_ChallengeApp.swift in Sources */,
				DCACAA3F2AE4451C0034DC38 /* Constants.swift in Sources */,
			);
			runOnlyForDeploymentPostprocessing = 0;
		};
		DCACAA0D2AE2C7720034DC38 /* Sources */ = {
			isa = PBXSourcesBuildPhase;
			buildActionMask = 2147483647;
			files = (
				DCACAA162AE2C7720034DC38 /* Tfl_ChallengeTests.swift in Sources */,
				DCACAA462AE6B7620034DC38 /* FakeNetworkManager.swift in Sources */,
			);
			runOnlyForDeploymentPostprocessing = 0;
		};
		DCACAA172AE2C7730034DC38 /* Sources */ = {
			isa = PBXSourcesBuildPhase;
			buildActionMask = 2147483647;
			files = (
				DCACAA202AE2C7730034DC38 /* Tfl_ChallengeUITests.swift in Sources */,
				DCACAA222AE2C7730034DC38 /* Tfl_ChallengeUITestsLaunchTests.swift in Sources */,
			);
			runOnlyForDeploymentPostprocessing = 0;
		};
/* End PBXSourcesBuildPhase section */

/* Begin PBXTargetDependency section */
		DCACAA132AE2C7720034DC38 /* PBXTargetDependency */ = {
			isa = PBXTargetDependency;
			target = DCACAA002AE2C7700034DC38 /* Tfl_Challenge */;
			targetProxy = DCACAA122AE2C7720034DC38 /* PBXContainerItemProxy */;
		};
		DCACAA1D2AE2C7730034DC38 /* PBXTargetDependency */ = {
			isa = PBXTargetDependency;
			target = DCACAA002AE2C7700034DC38 /* Tfl_Challenge */;
			targetProxy = DCACAA1C2AE2C7730034DC38 /* PBXContainerItemProxy */;
		};
/* End PBXTargetDependency section */

/* Begin XCBuildConfiguration section */
		DCACAA232AE2C7730034DC38 /* Debug */ = {
			isa = XCBuildConfiguration;
			buildSettings = {
				ALWAYS_SEARCH_USER_PATHS = NO;
				ASSETCATALOG_COMPILER_GENERATE_SWIFT_ASSET_SYMBOL_EXTENSIONS = YES;
				CLANG_ANALYZER_NONNULL = YES;
				CLANG_ANALYZER_NUMBER_OBJECT_CONVERSION = YES_AGGRESSIVE;
				CLANG_CXX_LANGUAGE_STANDARD = "gnu++20";
				CLANG_ENABLE_MODULES = YES;
				CLANG_ENABLE_OBJC_ARC = YES;
				CLANG_ENABLE_OBJC_WEAK = YES;
				CLANG_WARN_BLOCK_CAPTURE_AUTORELEASING = YES;
				CLANG_WARN_BOOL_CONVERSION = YES;
				CLANG_WARN_COMMA = YES;
				CLANG_WARN_CONSTANT_CONVERSION = YES;
				CLANG_WARN_DEPRECATED_OBJC_IMPLEMENTATIONS = YES;
				CLANG_WARN_DIRECT_OBJC_ISA_USAGE = YES_ERROR;
				CLANG_WARN_DOCUMENTATION_COMMENTS = YES;
				CLANG_WARN_EMPTY_BODY = YES;
				CLANG_WARN_ENUM_CONVERSION = YES;
				CLANG_WARN_INFINITE_RECURSION = YES;
				CLANG_WARN_INT_CONVERSION = YES;
				CLANG_WARN_NON_LITERAL_NULL_CONVERSION = YES;
				CLANG_WARN_OBJC_IMPLICIT_RETAIN_SELF = YES;
				CLANG_WARN_OBJC_LITERAL_CONVERSION = YES;
				CLANG_WARN_OBJC_ROOT_CLASS = YES_ERROR;
				CLANG_WARN_QUOTED_INCLUDE_IN_FRAMEWORK_HEADER = YES;
				CLANG_WARN_RANGE_LOOP_ANALYSIS = YES;
				CLANG_WARN_STRICT_PROTOTYPES = YES;
				CLANG_WARN_SUSPICIOUS_MOVE = YES;
				CLANG_WARN_UNGUARDED_AVAILABILITY = YES_AGGRESSIVE;
				CLANG_WARN_UNREACHABLE_CODE = YES;
				CLANG_WARN__DUPLICATE_METHOD_MATCH = YES;
				COPY_PHASE_STRIP = NO;
				DEBUG_INFORMATION_FORMAT = dwarf;
				ENABLE_STRICT_OBJC_MSGSEND = YES;
				ENABLE_TESTABILITY = YES;
				ENABLE_USER_SCRIPT_SANDBOXING = YES;
				GCC_C_LANGUAGE_STANDARD = gnu17;
				GCC_DYNAMIC_NO_PIC = NO;
				GCC_NO_COMMON_BLOCKS = YES;
				GCC_OPTIMIZATION_LEVEL = 0;
				GCC_PREPROCESSOR_DEFINITIONS = (
					"DEBUG=1",
					"$(inherited)",
				);
				GCC_WARN_64_TO_32_BIT_CONVERSION = YES;
				GCC_WARN_ABOUT_RETURN_TYPE = YES_ERROR;
				GCC_WARN_UNDECLARED_SELECTOR = YES;
				GCC_WARN_UNINITIALIZED_AUTOS = YES_AGGRESSIVE;
				GCC_WARN_UNUSED_FUNCTION = YES;
				GCC_WARN_UNUSED_VARIABLE = YES;
				IPHONEOS_DEPLOYMENT_TARGET = 17.0;
				LOCALIZATION_PREFERS_STRING_CATALOGS = YES;
				MTL_ENABLE_DEBUG_INFO = INCLUDE_SOURCE;
				MTL_FAST_MATH = YES;
				ONLY_ACTIVE_ARCH = YES;
				SDKROOT = iphoneos;
				SWIFT_ACTIVE_COMPILATION_CONDITIONS = "DEBUG $(inherited)";
				SWIFT_OPTIMIZATION_LEVEL = "-Onone";
			};
			name = Debug;
		};
		DCACAA242AE2C7730034DC38 /* Release */ = {
			isa = XCBuildConfiguration;
			buildSettings = {
				ALWAYS_SEARCH_USER_PATHS = NO;
				ASSETCATALOG_COMPILER_GENERATE_SWIFT_ASSET_SYMBOL_EXTENSIONS = YES;
				CLANG_ANALYZER_NONNULL = YES;
				CLANG_ANALYZER_NUMBER_OBJECT_CONVERSION = YES_AGGRESSIVE;
				CLANG_CXX_LANGUAGE_STANDARD = "gnu++20";
				CLANG_ENABLE_MODULES = YES;
				CLANG_ENABLE_OBJC_ARC = YES;
				CLANG_ENABLE_OBJC_WEAK = YES;
				CLANG_WARN_BLOCK_CAPTURE_AUTORELEASING = YES;
				CLANG_WARN_BOOL_CONVERSION = YES;
				CLANG_WARN_COMMA = YES;
				CLANG_WARN_CONSTANT_CONVERSION = YES;
				CLANG_WARN_DEPRECATED_OBJC_IMPLEMENTATIONS = YES;
				CLANG_WARN_DIRECT_OBJC_ISA_USAGE = YES_ERROR;
				CLANG_WARN_DOCUMENTATION_COMMENTS = YES;
				CLANG_WARN_EMPTY_BODY = YES;
				CLANG_WARN_ENUM_CONVERSION = YES;
				CLANG_WARN_INFINITE_RECURSION = YES;
				CLANG_WARN_INT_CONVERSION = YES;
				CLANG_WARN_NON_LITERAL_NULL_CONVERSION = YES;
				CLANG_WARN_OBJC_IMPLICIT_RETAIN_SELF = YES;
				CLANG_WARN_OBJC_LITERAL_CONVERSION = YES;
				CLANG_WARN_OBJC_ROOT_CLASS = YES_ERROR;
				CLANG_WARN_QUOTED_INCLUDE_IN_FRAMEWORK_HEADER = YES;
				CLANG_WARN_RANGE_LOOP_ANALYSIS = YES;
				CLANG_WARN_STRICT_PROTOTYPES = YES;
				CLANG_WARN_SUSPICIOUS_MOVE = YES;
				CLANG_WARN_UNGUARDED_AVAILABILITY = YES_AGGRESSIVE;
				CLANG_WARN_UNREACHABLE_CODE = YES;
				CLANG_WARN__DUPLICATE_METHOD_MATCH = YES;
				COPY_PHASE_STRIP = NO;
				DEBUG_INFORMATION_FORMAT = "dwarf-with-dsym";
				ENABLE_NS_ASSERTIONS = NO;
				ENABLE_STRICT_OBJC_MSGSEND = YES;
				ENABLE_USER_SCRIPT_SANDBOXING = YES;
				GCC_C_LANGUAGE_STANDARD = gnu17;
				GCC_NO_COMMON_BLOCKS = YES;
				GCC_WARN_64_TO_32_BIT_CONVERSION = YES;
				GCC_WARN_ABOUT_RETURN_TYPE = YES_ERROR;
				GCC_WARN_UNDECLARED_SELECTOR = YES;
				GCC_WARN_UNINITIALIZED_AUTOS = YES_AGGRESSIVE;
				GCC_WARN_UNUSED_FUNCTION = YES;
				GCC_WARN_UNUSED_VARIABLE = YES;
				IPHONEOS_DEPLOYMENT_TARGET = 17.0;
				LOCALIZATION_PREFERS_STRING_CATALOGS = YES;
				MTL_ENABLE_DEBUG_INFO = NO;
				MTL_FAST_MATH = YES;
				SDKROOT = iphoneos;
				SWIFT_COMPILATION_MODE = wholemodule;
				VALIDATE_PRODUCT = YES;
			};
			name = Release;
		};
		DCACAA262AE2C7730034DC38 /* Debug */ = {
			isa = XCBuildConfiguration;
			buildSettings = {
				ASSETCATALOG_COMPILER_APPICON_NAME = AppIcon;
				ASSETCATALOG_COMPILER_GLOBAL_ACCENT_COLOR_NAME = AccentColor;
				CODE_SIGN_STYLE = Automatic;
				CURRENT_PROJECT_VERSION = 1;
				DEVELOPMENT_ASSET_PATHS = "\"Tfl_Challenge/Preview Content\"";
				ENABLE_PREVIEWS = YES;
				GENERATE_INFOPLIST_FILE = YES;
				INFOPLIST_KEY_UIApplicationSceneManifest_Generation = YES;
				INFOPLIST_KEY_UIApplicationSupportsIndirectInputEvents = YES;
				INFOPLIST_KEY_UILaunchScreen_Generation = YES;
				INFOPLIST_KEY_UISupportedInterfaceOrientations_iPad = "UIInterfaceOrientationPortrait UIInterfaceOrientationPortraitUpsideDown UIInterfaceOrientationLandscapeLeft UIInterfaceOrientationLandscapeRight";
				INFOPLIST_KEY_UISupportedInterfaceOrientations_iPhone = "UIInterfaceOrientationPortrait UIInterfaceOrientationLandscapeLeft UIInterfaceOrientationLandscapeRight";
				LD_RUNPATH_SEARCH_PATHS = (
					"$(inherited)",
					"@executable_path/Frameworks",
				);
				MARKETING_VERSION = 1.0;
				PRODUCT_BUNDLE_IDENTIFIER = "com.tp.Tfl-Challenge";
				PRODUCT_NAME = "$(TARGET_NAME)";
				SWIFT_EMIT_LOC_STRINGS = YES;
				SWIFT_VERSION = 5.0;
				TARGETED_DEVICE_FAMILY = "1,2";
			};
			name = Debug;
		};
		DCACAA272AE2C7730034DC38 /* Release */ = {
			isa = XCBuildConfiguration;
			buildSettings = {
				ASSETCATALOG_COMPILER_APPICON_NAME = AppIcon;
				ASSETCATALOG_COMPILER_GLOBAL_ACCENT_COLOR_NAME = AccentColor;
				CODE_SIGN_STYLE = Automatic;
				CURRENT_PROJECT_VERSION = 1;
				DEVELOPMENT_ASSET_PATHS = "\"Tfl_Challenge/Preview Content\"";
				ENABLE_PREVIEWS = YES;
				GENERATE_INFOPLIST_FILE = YES;
				INFOPLIST_KEY_UIApplicationSceneManifest_Generation = YES;
				INFOPLIST_KEY_UIApplicationSupportsIndirectInputEvents = YES;
				INFOPLIST_KEY_UILaunchScreen_Generation = YES;
				INFOPLIST_KEY_UISupportedInterfaceOrientations_iPad = "UIInterfaceOrientationPortrait UIInterfaceOrientationPortraitUpsideDown UIInterfaceOrientationLandscapeLeft UIInterfaceOrientationLandscapeRight";
				INFOPLIST_KEY_UISupportedInterfaceOrientations_iPhone = "UIInterfaceOrientationPortrait UIInterfaceOrientationLandscapeLeft UIInterfaceOrientationLandscapeRight";
				LD_RUNPATH_SEARCH_PATHS = (
					"$(inherited)",
					"@executable_path/Frameworks",
				);
				MARKETING_VERSION = 1.0;
				PRODUCT_BUNDLE_IDENTIFIER = "com.tp.Tfl-Challenge";
				PRODUCT_NAME = "$(TARGET_NAME)";
				SWIFT_EMIT_LOC_STRINGS = YES;
				SWIFT_VERSION = 5.0;
				TARGETED_DEVICE_FAMILY = "1,2";
			};
			name = Release;
		};
		DCACAA292AE2C7730034DC38 /* Debug */ = {
			isa = XCBuildConfiguration;
			buildSettings = {
				ALWAYS_EMBED_SWIFT_STANDARD_LIBRARIES = YES;
				BUNDLE_LOADER = "$(TEST_HOST)";
				CODE_SIGN_STYLE = Automatic;
				CURRENT_PROJECT_VERSION = 1;
				GENERATE_INFOPLIST_FILE = YES;
				IPHONEOS_DEPLOYMENT_TARGET = 17.0;
				MARKETING_VERSION = 1.0;
				PRODUCT_BUNDLE_IDENTIFIER = "com.tp.Tfl-ChallengeTests";
				PRODUCT_NAME = "$(TARGET_NAME)";
				SWIFT_EMIT_LOC_STRINGS = NO;
				SWIFT_VERSION = 5.0;
				TARGETED_DEVICE_FAMILY = "1,2";
				TEST_HOST = "$(BUILT_PRODUCTS_DIR)/Tfl_Challenge.app/$(BUNDLE_EXECUTABLE_FOLDER_PATH)/Tfl_Challenge";
			};
			name = Debug;
		};
		DCACAA2A2AE2C7730034DC38 /* Release */ = {
			isa = XCBuildConfiguration;
			buildSettings = {
				ALWAYS_EMBED_SWIFT_STANDARD_LIBRARIES = YES;
				BUNDLE_LOADER = "$(TEST_HOST)";
				CODE_SIGN_STYLE = Automatic;
				CURRENT_PROJECT_VERSION = 1;
				GENERATE_INFOPLIST_FILE = YES;
				IPHONEOS_DEPLOYMENT_TARGET = 17.0;
				MARKETING_VERSION = 1.0;
				PRODUCT_BUNDLE_IDENTIFIER = "com.tp.Tfl-ChallengeTests";
				PRODUCT_NAME = "$(TARGET_NAME)";
				SWIFT_EMIT_LOC_STRINGS = NO;
				SWIFT_VERSION = 5.0;
				TARGETED_DEVICE_FAMILY = "1,2";
				TEST_HOST = "$(BUILT_PRODUCTS_DIR)/Tfl_Challenge.app/$(BUNDLE_EXECUTABLE_FOLDER_PATH)/Tfl_Challenge";
			};
			name = Release;
		};
		DCACAA2C2AE2C7730034DC38 /* Debug */ = {
			isa = XCBuildConfiguration;
			buildSettings = {
				ALWAYS_EMBED_SWIFT_STANDARD_LIBRARIES = YES;
				CODE_SIGN_STYLE = Automatic;
				CURRENT_PROJECT_VERSION = 1;
				GENERATE_INFOPLIST_FILE = YES;
				MARKETING_VERSION = 1.0;
				PRODUCT_BUNDLE_IDENTIFIER = "com.tp.Tfl-ChallengeUITests";
				PRODUCT_NAME = "$(TARGET_NAME)";
				SWIFT_EMIT_LOC_STRINGS = NO;
				SWIFT_VERSION = 5.0;
				TARGETED_DEVICE_FAMILY = "1,2";
				TEST_TARGET_NAME = Tfl_Challenge;
			};
			name = Debug;
		};
		DCACAA2D2AE2C7730034DC38 /* Release */ = {
			isa = XCBuildConfiguration;
			buildSettings = {
				ALWAYS_EMBED_SWIFT_STANDARD_LIBRARIES = YES;
				CODE_SIGN_STYLE = Automatic;
				CURRENT_PROJECT_VERSION = 1;
				GENERATE_INFOPLIST_FILE = YES;
				MARKETING_VERSION = 1.0;
				PRODUCT_BUNDLE_IDENTIFIER = "com.tp.Tfl-ChallengeUITests";
				PRODUCT_NAME = "$(TARGET_NAME)";
				SWIFT_EMIT_LOC_STRINGS = NO;
				SWIFT_VERSION = 5.0;
				TARGETED_DEVICE_FAMILY = "1,2";
				TEST_TARGET_NAME = Tfl_Challenge;
			};
			name = Release;
		};
/* End XCBuildConfiguration section */

/* Begin XCConfigurationList section */
		DCACA9FC2AE2C7700034DC38 /* Build configuration list for PBXProject "Tfl_Challenge" */ = {
			isa = XCConfigurationList;
			buildConfigurations = (
				DCACAA232AE2C7730034DC38 /* Debug */,
				DCACAA242AE2C7730034DC38 /* Release */,
			);
			defaultConfigurationIsVisible = 0;
			defaultConfigurationName = Release;
		};
		DCACAA252AE2C7730034DC38 /* Build configuration list for PBXNativeTarget "Tfl_Challenge" */ = {
			isa = XCConfigurationList;
			buildConfigurations = (
				DCACAA262AE2C7730034DC38 /* Debug */,
				DCACAA272AE2C7730034DC38 /* Release */,
			);
			defaultConfigurationIsVisible = 0;
			defaultConfigurationName = Release;
		};
		DCACAA282AE2C7730034DC38 /* Build configuration list for PBXNativeTarget "Tfl_ChallengeTests" */ = {
			isa = XCConfigurationList;
			buildConfigurations = (
				DCACAA292AE2C7730034DC38 /* Debug */,
				DCACAA2A2AE2C7730034DC38 /* Release */,
			);
			defaultConfigurationIsVisible = 0;
			defaultConfigurationName = Release;
		};
		DCACAA2B2AE2C7730034DC38 /* Build configuration list for PBXNativeTarget "Tfl_ChallengeUITests" */ = {
			isa = XCConfigurationList;
			buildConfigurations = (
				DCACAA2C2AE2C7730034DC38 /* Debug */,
				DCACAA2D2AE2C7730034DC38 /* Release */,
			);
			defaultConfigurationIsVisible = 0;
			defaultConfigurationName = Release;
		};
/* End XCConfigurationList section */
	};
	rootObject = DCACA9F92AE2C7700034DC38 /* Project object */;
}
